// !$*UTF8*$!
{
	archiveVersion = 1;
	classes = {
	};
	objectVersion = 56;
	objects = {

/* Begin PBXBuildFile section */
		6098288629D4C29000E2D38D /* PerfectPlant.swift in Sources */ = {isa = PBXBuildFile; fileRef = 6098288529D4C29000E2D38D /* PerfectPlant.swift */; };
		6098288829D605D800E2D38D /* VideoStream.swift in Sources */ = {isa = PBXBuildFile; fileRef = 6098288729D605D800E2D38D /* VideoStream.swift */; };
		6098288A29D6064200E2D38D /* TheRealLightScannerView.swift in Sources */ = {isa = PBXBuildFile; fileRef = 6098288929D6064200E2D38D /* TheRealLightScannerView.swift */; };
		6098288E29D60BF700E2D38D /* VideoPreview.swift in Sources */ = {isa = PBXBuildFile; fileRef = 6098288D29D60BF700E2D38D /* VideoPreview.swift */; };
		6098289029D60C3800E2D38D /* LuxReference.swift in Sources */ = {isa = PBXBuildFile; fileRef = 6098288F29D60C3800E2D38D /* LuxReference.swift */; };
		60B8103629D380D400E4D140 /* LightPlantApp.swift in Sources */ = {isa = PBXBuildFile; fileRef = 60B8103529D380D400E4D140 /* LightPlantApp.swift */; };
		60B8103829D380D400E4D140 /* ContentView.swift in Sources */ = {isa = PBXBuildFile; fileRef = 60B8103729D380D400E4D140 /* ContentView.swift */; };
		60B8103A29D380D500E4D140 /* Assets.xcassets in Resources */ = {isa = PBXBuildFile; fileRef = 60B8103929D380D500E4D140 /* Assets.xcassets */; };
		60B8103D29D380D500E4D140 /* Preview Assets.xcassets in Resources */ = {isa = PBXBuildFile; fileRef = 60B8103C29D380D500E4D140 /* Preview Assets.xcassets */; };
		60B8104429D496E900E4D140 /* LightScannerView.swift in Sources */ = {isa = PBXBuildFile; fileRef = 60B8104329D496E900E4D140 /* LightScannerView.swift */; };
		60B8104629D4971500E4D140 /* MyPlantsView.swift in Sources */ = {isa = PBXBuildFile; fileRef = 60B8104529D4971500E4D140 /* MyPlantsView.swift */; };
		60B8104829D4980D00E4D140 /* MainScreenView.swift in Sources */ = {isa = PBXBuildFile; fileRef = 60B8104729D4980D00E4D140 /* MainScreenView.swift */; };
		60B8104A29D4AC6300E4D140 /* ViewController.swift in Sources */ = {isa = PBXBuildFile; fileRef = 60B8104929D4AC6300E4D140 /* ViewController.swift */; };
/* End PBXBuildFile section */

/* Begin PBXFileReference section */
		6098288529D4C29000E2D38D /* PerfectPlant.swift */ = {isa = PBXFileReference; lastKnownFileType = sourcecode.swift; path = PerfectPlant.swift; sourceTree = "<group>"; };
		6098288729D605D800E2D38D /* VideoStream.swift */ = {isa = PBXFileReference; lastKnownFileType = sourcecode.swift; path = VideoStream.swift; sourceTree = "<group>"; };
		6098288929D6064200E2D38D /* TheRealLightScannerView.swift */ = {isa = PBXFileReference; lastKnownFileType = sourcecode.swift; path = TheRealLightScannerView.swift; sourceTree = "<group>"; };
		6098288D29D60BF700E2D38D /* VideoPreview.swift */ = {isa = PBXFileReference; lastKnownFileType = sourcecode.swift; path = VideoPreview.swift; sourceTree = "<group>"; };
		6098288F29D60C3800E2D38D /* LuxReference.swift */ = {isa = PBXFileReference; lastKnownFileType = sourcecode.swift; path = LuxReference.swift; sourceTree = "<group>"; };
		60B8103229D380D400E4D140 /* LightPlant.app */ = {isa = PBXFileReference; explicitFileType = wrapper.application; includeInIndex = 0; path = LightPlant.app; sourceTree = BUILT_PRODUCTS_DIR; };
		60B8103529D380D400E4D140 /* LightPlantApp.swift */ = {isa = PBXFileReference; lastKnownFileType = sourcecode.swift; path = LightPlantApp.swift; sourceTree = "<group>"; };
		60B8103729D380D400E4D140 /* ContentView.swift */ = {isa = PBXFileReference; lastKnownFileType = sourcecode.swift; path = ContentView.swift; sourceTree = "<group>"; };
		60B8103929D380D500E4D140 /* Assets.xcassets */ = {isa = PBXFileReference; lastKnownFileType = folder.assetcatalog; path = Assets.xcassets; sourceTree = "<group>"; };
		60B8103C29D380D500E4D140 /* Preview Assets.xcassets */ = {isa = PBXFileReference; lastKnownFileType = folder.assetcatalog; path = "Preview Assets.xcassets"; sourceTree = "<group>"; };
		60B8104329D496E900E4D140 /* LightScannerView.swift */ = {isa = PBXFileReference; lastKnownFileType = sourcecode.swift; path = LightScannerView.swift; sourceTree = "<group>"; };
		60B8104529D4971500E4D140 /* MyPlantsView.swift */ = {isa = PBXFileReference; lastKnownFileType = sourcecode.swift; path = MyPlantsView.swift; sourceTree = "<group>"; };
		60B8104729D4980D00E4D140 /* MainScreenView.swift */ = {isa = PBXFileReference; lastKnownFileType = sourcecode.swift; path = MainScreenView.swift; sourceTree = "<group>"; };
		60B8104929D4AC6300E4D140 /* ViewController.swift */ = {isa = PBXFileReference; lastKnownFileType = sourcecode.swift; path = ViewController.swift; sourceTree = "<group>"; };
/* End PBXFileReference section */

/* Begin PBXFrameworksBuildPhase section */
		60B8102F29D380D400E4D140 /* Frameworks */ = {
			isa = PBXFrameworksBuildPhase;
			buildActionMask = 2147483647;
			files = (
			);
			runOnlyForDeploymentPostprocessing = 0;
		};
/* End PBXFrameworksBuildPhase section */

/* Begin PBXGroup section */
		60B8102929D380D400E4D140 = {
			isa = PBXGroup;
			children = (
				60B8103429D380D400E4D140 /* LightPlant */,
				60B8103329D380D400E4D140 /* Products */,
			);
			sourceTree = "<group>";
		};
		60B8103329D380D400E4D140 /* Products */ = {
			isa = PBXGroup;
			children = (
				60B8103229D380D400E4D140 /* LightPlant.app */,
			);
			name = Products;
			sourceTree = "<group>";
		};
		60B8103429D380D400E4D140 /* LightPlant */ = {
			isa = PBXGroup;
			children = (
				60B8103529D380D400E4D140 /* LightPlantApp.swift */,
				60B8103729D380D400E4D140 /* ContentView.swift */,
				60B8104729D4980D00E4D140 /* MainScreenView.swift */,
				60B8104329D496E900E4D140 /* LightScannerView.swift */,
				60B8104529D4971500E4D140 /* MyPlantsView.swift */,
				6098288529D4C29000E2D38D /* PerfectPlant.swift */,
				6098288929D6064200E2D38D /* TheRealLightScannerView.swift */,
				60B8104929D4AC6300E4D140 /* ViewController.swift */,
				6098288729D605D800E2D38D /* VideoStream.swift */,
				6098288D29D60BF700E2D38D /* VideoPreview.swift */,
				6098288F29D60C3800E2D38D /* LuxReference.swift */,
				60B8103929D380D500E4D140 /* Assets.xcassets */,
				60B8103B29D380D500E4D140 /* Preview Content */,
			);
			path = LightPlant;
			sourceTree = "<group>";
		};
		60B8103B29D380D500E4D140 /* Preview Content */ = {
			isa = PBXGroup;
			children = (
				60B8103C29D380D500E4D140 /* Preview Assets.xcassets */,
			);
			path = "Preview Content";
			sourceTree = "<group>";
		};
/* End PBXGroup section */

/* Begin PBXNativeTarget section */
		60B8103129D380D400E4D140 /* LightPlant */ = {
			isa = PBXNativeTarget;
			buildConfigurationList = 60B8104029D380D500E4D140 /* Build configuration list for PBXNativeTarget "LightPlant" */;
			buildPhases = (
				60B8102E29D380D400E4D140 /* Sources */,
				60B8102F29D380D400E4D140 /* Frameworks */,
				60B8103029D380D400E4D140 /* Resources */,
			);
			buildRules = (
			);
			dependencies = (
			);
			name = LightPlant;
			productName = LightPlant;
			productReference = 60B8103229D380D400E4D140 /* LightPlant.app */;
			productType = "com.apple.product-type.application";
		};
/* End PBXNativeTarget section */

/* Begin PBXProject section */
		60B8102A29D380D400E4D140 /* Project object */ = {
			isa = PBXProject;
			attributes = {
				BuildIndependentTargetsInParallel = 1;
				LastSwiftUpdateCheck = 1420;
				LastUpgradeCheck = 1420;
				TargetAttributes = {
					60B8103129D380D400E4D140 = {
						CreatedOnToolsVersion = 14.2;
					};
				};
			};
			buildConfigurationList = 60B8102D29D380D400E4D140 /* Build configuration list for PBXProject "LightPlant" */;
			compatibilityVersion = "Xcode 14.0";
			developmentRegion = en;
			hasScannedForEncodings = 0;
			knownRegions = (
				en,
				Base,
			);
			mainGroup = 60B8102929D380D400E4D140;
			productRefGroup = 60B8103329D380D400E4D140 /* Products */;
			projectDirPath = "";
			projectRoot = "";
			targets = (
				60B8103129D380D400E4D140 /* LightPlant */,
			);
		};
/* End PBXProject section */

/* Begin PBXResourcesBuildPhase section */
		60B8103029D380D400E4D140 /* Resources */ = {
			isa = PBXResourcesBuildPhase;
			buildActionMask = 2147483647;
			files = (
				60B8103D29D380D500E4D140 /* Preview Assets.xcassets in Resources */,
				60B8103A29D380D500E4D140 /* Assets.xcassets in Resources */,
			);
			runOnlyForDeploymentPostprocessing = 0;
		};
/* End PBXResourcesBuildPhase section */

/* Begin PBXSourcesBuildPhase section */
		60B8102E29D380D400E4D140 /* Sources */ = {
			isa = PBXSourcesBuildPhase;
			buildActionMask = 2147483647;
			files = (
				6098288A29D6064200E2D38D /* TheRealLightScannerView.swift in Sources */,
				6098288629D4C29000E2D38D /* PerfectPlant.swift in Sources */,
				60B8104A29D4AC6300E4D140 /* ViewController.swift in Sources */,
				60B8104629D4971500E4D140 /* MyPlantsView.swift in Sources */,
				60B8104829D4980D00E4D140 /* MainScreenView.swift in Sources */,
				60B8104429D496E900E4D140 /* LightScannerView.swift in Sources */,
				60B8103829D380D400E4D140 /* ContentView.swift in Sources */,
				6098288E29D60BF700E2D38D /* VideoPreview.swift in Sources */,
				6098289029D60C3800E2D38D /* LuxReference.swift in Sources */,
				60B8103629D380D400E4D140 /* LightPlantApp.swift in Sources */,
				6098288829D605D800E2D38D /* VideoStream.swift in Sources */,
			);
			runOnlyForDeploymentPostprocessing = 0;
		};
/* End PBXSourcesBuildPhase section */

/* Begin XCBuildConfiguration section */
		60B8103E29D380D500E4D140 /* Debug */ = {
			isa = XCBuildConfiguration;
			buildSettings = {
				ALWAYS_SEARCH_USER_PATHS = NO;
				CLANG_ANALYZER_NONNULL = YES;
				CLANG_ANALYZER_NUMBER_OBJECT_CONVERSION = YES_AGGRESSIVE;
				CLANG_CXX_LANGUAGE_STANDARD = "gnu++20";
				CLANG_ENABLE_MODULES = YES;
				CLANG_ENABLE_OBJC_ARC = YES;
				CLANG_ENABLE_OBJC_WEAK = YES;
				CLANG_WARN_BLOCK_CAPTURE_AUTORELEASING = YES;
				CLANG_WARN_BOOL_CONVERSION = YES;
				CLANG_WARN_COMMA = YES;
				CLANG_WARN_CONSTANT_CONVERSION = YES;
				CLANG_WARN_DEPRECATED_OBJC_IMPLEMENTATIONS = YES;
				CLANG_WARN_DIRECT_OBJC_ISA_USAGE = YES_ERROR;
				CLANG_WARN_DOCUMENTATION_COMMENTS = YES;
				CLANG_WARN_EMPTY_BODY = YES;
				CLANG_WARN_ENUM_CONVERSION = YES;
				CLANG_WARN_INFINITE_RECURSION = YES;
				CLANG_WARN_INT_CONVERSION = YES;
				CLANG_WARN_NON_LITERAL_NULL_CONVERSION = YES;
				CLANG_WARN_OBJC_IMPLICIT_RETAIN_SELF = YES;
				CLANG_WARN_OBJC_LITERAL_CONVERSION = YES;
				CLANG_WARN_OBJC_ROOT_CLASS = YES_ERROR;
				CLANG_WARN_QUOTED_INCLUDE_IN_FRAMEWORK_HEADER = YES;
				CLANG_WARN_RANGE_LOOP_ANALYSIS = YES;
				CLANG_WARN_STRICT_PROTOTYPES = YES;
				CLANG_WARN_SUSPICIOUS_MOVE = YES;
				CLANG_WARN_UNGUARDED_AVAILABILITY = YES_AGGRESSIVE;
				CLANG_WARN_UNREACHABLE_CODE = YES;
				CLANG_WARN__DUPLICATE_METHOD_MATCH = YES;
				COPY_PHASE_STRIP = NO;
				DEBUG_INFORMATION_FORMAT = dwarf;
				ENABLE_STRICT_OBJC_MSGSEND = YES;
				ENABLE_TESTABILITY = YES;
				GCC_C_LANGUAGE_STANDARD = gnu11;
				GCC_DYNAMIC_NO_PIC = NO;
				GCC_NO_COMMON_BLOCKS = YES;
				GCC_OPTIMIZATION_LEVEL = 0;
				GCC_PREPROCESSOR_DEFINITIONS = (
					"DEBUG=1",
					"$(inherited)",
				);
				GCC_WARN_64_TO_32_BIT_CONVERSION = YES;
				GCC_WARN_ABOUT_RETURN_TYPE = YES_ERROR;
				GCC_WARN_UNDECLARED_SELECTOR = YES;
				GCC_WARN_UNINITIALIZED_AUTOS = YES_AGGRESSIVE;
				GCC_WARN_UNUSED_FUNCTION = YES;
				GCC_WARN_UNUSED_VARIABLE = YES;
				IPHONEOS_DEPLOYMENT_TARGET = 16.2;
				MTL_ENABLE_DEBUG_INFO = INCLUDE_SOURCE;
				MTL_FAST_MATH = YES;
				ONLY_ACTIVE_ARCH = YES;
				SDKROOT = iphoneos;
				SWIFT_ACTIVE_COMPILATION_CONDITIONS = DEBUG;
				SWIFT_OPTIMIZATION_LEVEL = "-Onone";
			};
			name = Debug;
		};
		60B8103F29D380D500E4D140 /* Release */ = {
			isa = XCBuildConfiguration;
			buildSettings = {
				ALWAYS_SEARCH_USER_PATHS = NO;
				CLANG_ANALYZER_NONNULL = YES;
				CLANG_ANALYZER_NUMBER_OBJECT_CONVERSION = YES_AGGRESSIVE;
				CLANG_CXX_LANGUAGE_STANDARD = "gnu++20";
				CLANG_ENABLE_MODULES = YES;
				CLANG_ENABLE_OBJC_ARC = YES;
				CLANG_ENABLE_OBJC_WEAK = YES;
				CLANG_WARN_BLOCK_CAPTURE_AUTORELEASING = YES;
				CLANG_WARN_BOOL_CONVERSION = YES;
				CLANG_WARN_COMMA = YES;
				CLANG_WARN_CONSTANT_CONVERSION = YES;
				CLANG_WARN_DEPRECATED_OBJC_IMPLEMENTATIONS = YES;
				CLANG_WARN_DIRECT_OBJC_ISA_USAGE = YES_ERROR;
				CLANG_WARN_DOCUMENTATION_COMMENTS = YES;
				CLANG_WARN_EMPTY_BODY = YES;
				CLANG_WARN_ENUM_CONVERSION = YES;
				CLANG_WARN_INFINITE_RECURSION = YES;
				CLANG_WARN_INT_CONVERSION = YES;
				CLANG_WARN_NON_LITERAL_NULL_CONVERSION = YES;
				CLANG_WARN_OBJC_IMPLICIT_RETAIN_SELF = YES;
				CLANG_WARN_OBJC_LITERAL_CONVERSION = YES;
				CLANG_WARN_OBJC_ROOT_CLASS = YES_ERROR;
				CLANG_WARN_QUOTED_INCLUDE_IN_FRAMEWORK_HEADER = YES;
				CLANG_WARN_RANGE_LOOP_ANALYSIS = YES;
				CLANG_WARN_STRICT_PROTOTYPES = YES;
				CLANG_WARN_SUSPICIOUS_MOVE = YES;
				CLANG_WARN_UNGUARDED_AVAILABILITY = YES_AGGRESSIVE;
				CLANG_WARN_UNREACHABLE_CODE = YES;
				CLANG_WARN__DUPLICATE_METHOD_MATCH = YES;
				COPY_PHASE_STRIP = NO;
				DEBUG_INFORMATION_FORMAT = "dwarf-with-dsym";
				ENABLE_NS_ASSERTIONS = NO;
				ENABLE_STRICT_OBJC_MSGSEND = YES;
				GCC_C_LANGUAGE_STANDARD = gnu11;
				GCC_NO_COMMON_BLOCKS = YES;
				GCC_WARN_64_TO_32_BIT_CONVERSION = YES;
				GCC_WARN_ABOUT_RETURN_TYPE = YES_ERROR;
				GCC_WARN_UNDECLARED_SELECTOR = YES;
				GCC_WARN_UNINITIALIZED_AUTOS = YES_AGGRESSIVE;
				GCC_WARN_UNUSED_FUNCTION = YES;
				GCC_WARN_UNUSED_VARIABLE = YES;
				IPHONEOS_DEPLOYMENT_TARGET = 16.2;
				MTL_ENABLE_DEBUG_INFO = NO;
				MTL_FAST_MATH = YES;
				SDKROOT = iphoneos;
				SWIFT_COMPILATION_MODE = wholemodule;
				SWIFT_OPTIMIZATION_LEVEL = "-O";
				VALIDATE_PRODUCT = YES;
			};
			name = Release;
		};
		60B8104129D380D500E4D140 /* Debug */ = {
			isa = XCBuildConfiguration;
			buildSettings = {
				ASSETCATALOG_COMPILER_APPICON_NAME = AppIcon;
				ASSETCATALOG_COMPILER_GLOBAL_ACCENT_COLOR_NAME = AccentColor;
				CODE_SIGN_STYLE = Automatic;
				CURRENT_PROJECT_VERSION = 1;
				DEVELOPMENT_ASSET_PATHS = "\"LightPlant/Preview Content\"";
				DEVELOPMENT_TEAM = Q8G9N3NSS9;
				ENABLE_PREVIEWS = YES;
				GENERATE_INFOPLIST_FILE = YES;
				INFOPLIST_KEY_LSApplicationCategoryType = "public.app-category.utilities";
				INFOPLIST_KEY_NSCameraUsageDescription = "Need to find your perfect plant!";
				INFOPLIST_KEY_UIApplicationSceneManifest_Generation = YES;
				INFOPLIST_KEY_UIApplicationSupportsIndirectInputEvents = YES;
				INFOPLIST_KEY_UILaunchScreen_Generation = YES;
				INFOPLIST_KEY_UISupportedInterfaceOrientations_iPad = "UIInterfaceOrientationPortrait UIInterfaceOrientationPortraitUpsideDown UIInterfaceOrientationLandscapeLeft UIInterfaceOrientationLandscapeRight";
				INFOPLIST_KEY_UISupportedInterfaceOrientations_iPhone = "UIInterfaceOrientationPortrait UIInterfaceOrientationLandscapeLeft UIInterfaceOrientationLandscapeRight";
				LD_RUNPATH_SEARCH_PATHS = (
					"$(inherited)",
					"@executable_path/Frameworks",
				);
				MARKETING_VERSION = 1.0;
				PRODUCT_BUNDLE_IDENTIFIER = "Bio-ADA.LightPlant";
				PRODUCT_NAME = "$(TARGET_NAME)";
				SWIFT_EMIT_LOC_STRINGS = YES;
				SWIFT_VERSION = 5.0;
				TARGETED_DEVICE_FAMILY = "1,2";
			};
			name = Debug;
		};
		60B8104229D380D500E4D140 /* Release */ = {
			isa = XCBuildConfiguration;
			buildSettings = {
				ASSETCATALOG_COMPILER_APPICON_NAME = AppIcon;
				ASSETCATALOG_COMPILER_GLOBAL_ACCENT_COLOR_NAME = AccentColor;
				CODE_SIGN_STYLE = Automatic;
				CURRENT_PROJECT_VERSION = 1;
				DEVELOPMENT_ASSET_PATHS = "\"LightPlant/Preview Content\"";
				DEVELOPMENT_TEAM = Q8G9N3NSS9;
				ENABLE_PREVIEWS = YES;
				GENERATE_INFOPLIST_FILE = YES;
				INFOPLIST_KEY_LSApplicationCategoryType = "public.app-category.utilities";
				INFOPLIST_KEY_NSCameraUsageDescription = "Need to find your perfect plant!";
				INFOPLIST_KEY_UIApplicationSceneManifest_Generation = YES;
				INFOPLIST_KEY_UIApplicationSupportsIndirectInputEvents = YES;
				INFOPLIST_KEY_UILaunchScreen_Generation = YES;
				INFOPLIST_KEY_UISupportedInterfaceOrientations_iPad = "UIInterfaceOrientationPortrait UIInterfaceOrientationPortraitUpsideDown UIInterfaceOrientationLandscapeLeft UIInterfaceOrientationLandscapeRight";
				INFOPLIST_KEY_UISupportedInterfaceOrientations_iPhone = "UIInterfaceOrientationPortrait UIInterfaceOrientationLandscapeLeft UIInterfaceOrientationLandscapeRight";
				LD_RUNPATH_SEARCH_PATHS = (
					"$(inherited)",
					"@executable_path/Frameworks",
				);
				MARKETING_VERSION = 1.0;
				PRODUCT_BUNDLE_IDENTIFIER = "Bio-ADA.LightPlant";
				PRODUCT_NAME = "$(TARGET_NAME)";
				SWIFT_EMIT_LOC_STRINGS = YES;
				SWIFT_VERSION = 5.0;
				TARGETED_DEVICE_FAMILY = "1,2";
			};
			name = Release;
		};
/* End XCBuildConfiguration section */

/* Begin XCConfigurationList section */
		60B8102D29D380D400E4D140 /* Build configuration list for PBXProject "LightPlant" */ = {
			isa = XCConfigurationList;
			buildConfigurations = (
				60B8103E29D380D500E4D140 /* Debug */,
				60B8103F29D380D500E4D140 /* Release */,
			);
			defaultConfigurationIsVisible = 0;
			defaultConfigurationName = Release;
		};
		60B8104029D380D500E4D140 /* Build configuration list for PBXNativeTarget "LightPlant" */ = {
			isa = XCConfigurationList;
			buildConfigurations = (
				60B8104129D380D500E4D140 /* Debug */,
				60B8104229D380D500E4D140 /* Release */,
			);
			defaultConfigurationIsVisible = 0;
			defaultConfigurationName = Release;
		};
/* End XCConfigurationList section */
	};
	rootObject = 60B8102A29D380D400E4D140 /* Project object */;
}
